
Microsoft Visual Studio Solution File, Format Version 12.00
# Visual Studio Version 16
VisualStudioVersion = 16.0.31205.134
MinimumVisualStudioVersion = 10.0.40219.1
Project("{9A19103F-16F7-4668-BE54-9A1E7A4F7556}") = "Finance.Domain", "Finance.Domain\Finance.Domain.csproj", "{B52213FE-F27A-4673-A826-1393D7808090}"
EndProject
Project("{9A19103F-16F7-4668-BE54-9A1E7A4F7556}") = "Finance.Domain.Core", "Finance.Domain.Core\Finance.Domain.Core.csproj", "{F522563C-E209-4CFF-90E8-30739F879A42}"
EndProject
Project("{9A19103F-16F7-4668-BE54-9A1E7A4F7556}") = "Finance.Infrastructure.Data", "Finance.Infrastructure.Data\Finance.Infrastructure.Data.csproj", "{2B2603EA-35A2-481D-BEDA-47139AEC7392}"
EndProject
Project("{9A19103F-16F7-4668-BE54-9A1E7A4F7556}") = "Finance.Api", "Finance.Api\Finance.Api.csproj", "{3C2242BD-0A05-4B86-A263-D39FDA671620}"
EndProject
Project("{9A19103F-16F7-4668-BE54-9A1E7A4F7556}") = "Finance.Application", "Finance.Application\Finance.Application.csproj", "{F7EB7061-75CF-4B0D-8DF0-17E5A0591ED1}"
EndProject
Project("{9A19103F-16F7-4668-BE54-9A1E7A4F7556}") = "Finance.Infrastructure.Data.Core", "Finance.Infrastructure.Data.Core\Finance.Infrastructure.Data.Core.csproj", "{8B62B4B0-2F70-4158-8747-CA023F05CDDD}"
EndProject
Project("{9A19103F-16F7-4668-BE54-9A1E7A4F7556}") = "Idp", "..\..\authentication\Idp.csproj", "{B3734A86-4555-4DC5-98BE-ABC3B7DF8F76}"
EndProject
Project("{FAE04EC0-301F-11D3-BF4B-00C04F79EFBC}") = "Finance.Testes", "Finance.Testes\Finance.Testes.csproj", "{E950B538-7922-452B-BDCE-0EB47F1CDF9B}"
EndProject
Project("{FAE04EC0-301F-11D3-BF4B-00C04F79EFBC}") = "Finance.Tests", "Finance.Tests\Finance.Tests.csproj", "{DF808E40-9B4C-4985-9CA9-2A2AA1814624}"
EndProject
Global
	GlobalSection(SolutionConfigurationPlatforms) = preSolution
		Debug|Any CPU = Debug|Any CPU
		Release|Any CPU = Release|Any CPU
	EndGlobalSection
	GlobalSection(ProjectConfigurationPlatforms) = postSolution
		{B52213FE-F27A-4673-A826-1393D7808090}.Debug|Any CPU.ActiveCfg = Debug|Any CPU
		{B52213FE-F27A-4673-A826-1393D7808090}.Debug|Any CPU.Build.0 = Debug|Any CPU
		{B52213FE-F27A-4673-A826-1393D7808090}.Release|Any CPU.ActiveCfg = Release|Any CPU
		{B52213FE-F27A-4673-A826-1393D7808090}.Release|Any CPU.Build.0 = Release|Any CPU
		{F522563C-E209-4CFF-90E8-30739F879A42}.Debug|Any CPU.ActiveCfg = Debug|Any CPU
		{F522563C-E209-4CFF-90E8-30739F879A42}.Debug|Any CPU.Build.0 = Debug|Any CPU
		{F522563C-E209-4CFF-90E8-30739F879A42}.Release|Any CPU.ActiveCfg = Release|Any CPU
		{F522563C-E209-4CFF-90E8-30739F879A42}.Release|Any CPU.Build.0 = Release|Any CPU
		{2B2603EA-35A2-481D-BEDA-47139AEC7392}.Debug|Any CPU.ActiveCfg = Debug|Any CPU
		{2B2603EA-35A2-481D-BEDA-47139AEC7392}.Debug|Any CPU.Build.0 = Debug|Any CPU
		{2B2603EA-35A2-481D-BEDA-47139AEC7392}.Release|Any CPU.ActiveCfg = Release|Any CPU
		{2B2603EA-35A2-481D-BEDA-47139AEC7392}.Release|Any CPU.Build.0 = Release|Any CPU
		{3C2242BD-0A05-4B86-A263-D39FDA671620}.Debug|Any CPU.ActiveCfg = Debug|Any CPU
		{3C2242BD-0A05-4B86-A263-D39FDA671620}.Debug|Any CPU.Build.0 = Debug|Any CPU
		{3C2242BD-0A05-4B86-A263-D39FDA671620}.Release|Any CPU.ActiveCfg = Release|Any CPU
		{3C2242BD-0A05-4B86-A263-D39FDA671620}.Release|Any CPU.Build.0 = Release|Any CPU
		{F7EB7061-75CF-4B0D-8DF0-17E5A0591ED1}.Debug|Any CPU.ActiveCfg = Debug|Any CPU
		{F7EB7061-75CF-4B0D-8DF0-17E5A0591ED1}.Debug|Any CPU.Build.0 = Debug|Any CPU
		{F7EB7061-75CF-4B0D-8DF0-17E5A0591ED1}.Release|Any CPU.ActiveCfg = Release|Any CPU
		{F7EB7061-75CF-4B0D-8DF0-17E5A0591ED1}.Release|Any CPU.Build.0 = Release|Any CPU
		{8B62B4B0-2F70-4158-8747-CA023F05CDDD}.Debug|Any CPU.ActiveCfg = Debug|Any CPU
		{8B62B4B0-2F70-4158-8747-CA023F05CDDD}.Debug|Any CPU.Build.0 = Debug|Any CPU
		{8B62B4B0-2F70-4158-8747-CA023F05CDDD}.Release|Any CPU.ActiveCfg = Release|Any CPU
		{8B62B4B0-2F70-4158-8747-CA023F05CDDD}.Release|Any CPU.Build.0 = Release|Any CPU
		{B3734A86-4555-4DC5-98BE-ABC3B7DF8F76}.Debug|Any CPU.ActiveCfg = Debug|Any CPU
		{B3734A86-4555-4DC5-98BE-ABC3B7DF8F76}.Debug|Any CPU.Build.0 = Debug|Any CPU
		{B3734A86-4555-4DC5-98BE-ABC3B7DF8F76}.Release|Any CPU.ActiveCfg = Release|Any CPU
		{B3734A86-4555-4DC5-98BE-ABC3B7DF8F76}.Release|Any CPU.Build.0 = Release|Any CPU
		{E950B538-7922-452B-BDCE-0EB47F1CDF9B}.Debug|Any CPU.ActiveCfg = Debug|Any CPU
		{E950B538-7922-452B-BDCE-0EB47F1CDF9B}.Debug|Any CPU.Build.0 = Debug|Any CPU
		{E950B538-7922-452B-BDCE-0EB47F1CDF9B}.Release|Any CPU.ActiveCfg = Release|Any CPU
		{E950B538-7922-452B-BDCE-0EB47F1CDF9B}.Release|Any CPU.Build.0 = Release|Any CPU
		{DF808E40-9B4C-4985-9CA9-2A2AA1814624}.Debug|Any CPU.ActiveCfg = Debug|Any CPU
		{DF808E40-9B4C-4985-9CA9-2A2AA1814624}.Debug|Any CPU.Build.0 = Debug|Any CPU
		{DF808E40-9B4C-4985-9CA9-2A2AA1814624}.Release|Any CPU.ActiveCfg = Release|Any CPU
		{DF808E40-9B4C-4985-9CA9-2A2AA1814624}.Release|Any CPU.Build.0 = Release|Any CPU
	EndGlobalSection
	GlobalSection(SolutionProperties) = preSolution
		HideSolutionNode = FALSE
	EndGlobalSection
	GlobalSection(ExtensibilityGlobals) = postSolution
		SolutionGuid = {9B292D4D-6C94-4A5B-A93C-0F5CF9B72A0C}
	EndGlobalSection
EndGlobal
